
Microsoft Visual Studio Solution File, Format Version 12.00
# Visual Studio Version 17
VisualStudioVersion = 17.14.37216.2 d17.14
MinimumVisualStudioVersion = 10.0.40219.1
Project("{FAE04EC0-301F-11D3-BF4B-00C04F79EFBC}") = "BackendBatchProcessing", "BackendBatchProcessing\BackendBatchProcessing.csproj", "{49093A41-28F3-4269-8860-B46334D13663}"
EndProject
Global
	GlobalSection(SolutionConfigurationPlatforms) = preSolution
		Debug|Any CPU = Debug|Any CPU
		Release|Any CPU = Release|Any CPU
	EndGlobalSection
	GlobalSection(ProjectConfigurationPlatforms) = postSolution
		{49093A41-28F3-4269-8860-B46334D13663}.Debug|Any CPU.ActiveCfg = Debug|Any CPU
		{49093A41-28F3-4269-8860-B46334D13663}.Debug|Any CPU.Build.0 = Debug|Any CPU
		{49093A41-28F3-4269-8860-B46334D13663}.Release|Any CPU.ActiveCfg = Release|Any CPU
		{49093A41-28F3-4269-8860-B46334D13663}.Release|Any CPU.Build.0 = Release|Any CPU
	EndGlobalSection
	GlobalSection(SolutionProperties) = preSolution
		HideSolutionNode = FALSE
	EndGlobalSection
	GlobalSection(ExtensibilityGlobals) = postSolution
		SolutionGuid = {C65A8530-151A-4CD4-9F3A-58F0071FE6FE}
	EndGlobalSection
EndGlobal
